PODS:
  - Alamofire (4.8.0)
  - Moya (12.0.1):
    - Moya/Core (= 12.0.1)
  - Moya/Core (12.0.1):
    - Alamofire (~> 4.1)
    - Result (~> 4.0)
  - Result (4.0.0)
  - SwiftyJSON (4.2.0)

DEPENDENCIES:
  - Alamofire
  - Moya
  - SwiftyJSON

SPEC REPOS:
  https://github.com/cocoapods/specs.git:
    - Alamofire
    - Moya
    - Result
    - SwiftyJSON

SPEC CHECKSUMS:
  Alamofire: 3ec537f71edc9804815215393ae2b1a8ea33a844
  Moya: cf730b3cd9e005401ef37a85143aa141a12fd38f
  Result: 7645bb3f50c2ce726dd0ff2fa7b6f42bbe6c3713
  SwiftyJSON: c4bcba26dd9ec7a027fc8eade48e2c911f229e96

PODFILE CHECKSUM: 535ce126bcff786914c7ba5a0a7af503a14cbbeb

COCOAPODS: 1.6.0.beta.2
