// !$*UTF8*$!
{
	archiveVersion = 1;
	classes = {
	};
	objectVersion = 48;
	objects = {

/* Begin PBXBuildFile section */
		583828422028371E00542D70 /* AppDelegate.swift in Sources */ = {isa = PBXBuildFile; fileRef = 583828412028371E00542D70 /* AppDelegate.swift */; };
		583828442028371E00542D70 /* ViewController.swift in Sources */ = {isa = PBXBuildFile; fileRef = 583828432028371E00542D70 /* ViewController.swift */; };
		583828472028371E00542D70 /* Main.storyboard in Resources */ = {isa = PBXBuildFile; fileRef = 583828452028371E00542D70 /* Main.storyboard */; };
		583828492028371E00542D70 /* Assets.xcassets in Resources */ = {isa = PBXBuildFile; fileRef = 583828482028371E00542D70 /* Assets.xcassets */; };
		5838284C2028371E00542D70 /* LaunchScreen.storyboard in Resources */ = {isa = PBXBuildFile; fileRef = 5838284A2028371E00542D70 /* LaunchScreen.storyboard */; };
		583828562028376E00542D70 /* ImageVIewExtension.swift in Sources */ = {isa = PBXBuildFile; fileRef = 583828542028376E00542D70 /* ImageVIewExtension.swift */; };
		583828572028376E00542D70 /* ImageHelper.swift in Sources */ = {isa = PBXBuildFile; fileRef = 583828552028376E00542D70 /* ImageHelper.swift */; };
		583828592028378C00542D70 /* SliderGalleryController.swift in Sources */ = {isa = PBXBuildFile; fileRef = 583828582028378C00542D70 /* SliderGalleryController.swift */; };
/* End PBXBuildFile section */

/* Begin PBXFileReference section */
		5838283E2028371E00542D70 /* hangge_1314.app */ = {isa = PBXFileReference; explicitFileType = wrapper.application; includeInIndex = 0; path = hangge_1314.app; sourceTree = BUILT_PRODUCTS_DIR; };
		583828412028371E00542D70 /* AppDelegate.swift */ = {isa = PBXFileReference; lastKnownFileType = sourcecode.swift; path = AppDelegate.swift; sourceTree = "<group>"; };
		583828432028371E00542D70 /* ViewController.swift */ = {isa = PBXFileReference; lastKnownFileType = sourcecode.swift; path = ViewController.swift; sourceTree = "<group>"; };
		583828462028371E00542D70 /* Base */ = {isa = PBXFileReference; lastKnownFileType = file.storyboard; name = Base; path = Base.lproj/Main.storyboard; sourceTree = "<group>"; };
		583828482028371E00542D70 /* Assets.xcassets */ = {isa = PBXFileReference; lastKnownFileType = folder.assetcatalog; path = Assets.xcassets; sourceTree = "<group>"; };
		5838284B2028371E00542D70 /* Base */ = {isa = PBXFileReference; lastKnownFileType = file.storyboard; name = Base; path = Base.lproj/LaunchScreen.storyboard; sourceTree = "<group>"; };
		5838284D2028371E00542D70 /* Info.plist */ = {isa = PBXFileReference; lastKnownFileType = text.plist.xml; path = Info.plist; sourceTree = "<group>"; };
		583828542028376E00542D70 /* ImageVIewExtension.swift */ = {isa = PBXFileReference; fileEncoding = 4; lastKnownFileType = sourcecode.swift; path = ImageVIewExtension.swift; sourceTree = "<group>"; };
		583828552028376E00542D70 /* ImageHelper.swift */ = {isa = PBXFileReference; fileEncoding = 4; lastKnownFileType = sourcecode.swift; path = ImageHelper.swift; sourceTree = "<group>"; };
		583828582028378C00542D70 /* SliderGalleryController.swift */ = {isa = PBXFileReference; lastKnownFileType = sourcecode.swift; path = SliderGalleryController.swift; sourceTree = "<group>"; };
/* End PBXFileReference section */

/* Begin PBXFrameworksBuildPhase section */
		5838283B2028371E00542D70 /* Frameworks */ = {
			isa = PBXFrameworksBuildPhase;
			buildActionMask = 2147483647;
			files = (
			);
			runOnlyForDeploymentPostprocessing = 0;
		};
/* End PBXFrameworksBuildPhase section */

/* Begin PBXGroup section */
		583828352028371E00542D70 = {
			isa = PBXGroup;
			children = (
				583828402028371E00542D70 /* hangge_1314 */,
				5838283F2028371E00542D70 /* Products */,
			);
			sourceTree = "<group>";
		};
		5838283F2028371E00542D70 /* Products */ = {
			isa = PBXGroup;
			children = (
				5838283E2028371E00542D70 /* hangge_1314.app */,
			);
			name = Products;
			sourceTree = "<group>";
		};
		583828402028371E00542D70 /* hangge_1314 */ = {
			isa = PBXGroup;
			children = (
				583828532028375800542D70 /* ImageHelper */,
				583828412028371E00542D70 /* AppDelegate.swift */,
				583828432028371E00542D70 /* ViewController.swift */,
				583828452028371E00542D70 /* Main.storyboard */,
				583828482028371E00542D70 /* Assets.xcassets */,
				5838284A2028371E00542D70 /* LaunchScreen.storyboard */,
				5838284D2028371E00542D70 /* Info.plist */,
				583828582028378C00542D70 /* SliderGalleryController.swift */,
			);
			path = hangge_1314;
			sourceTree = "<group>";
		};
		583828532028375800542D70 /* ImageHelper */ = {
			isa = PBXGroup;
			children = (
				583828552028376E00542D70 /* ImageHelper.swift */,
				583828542028376E00542D70 /* ImageVIewExtension.swift */,
			);
			path = ImageHelper;
			sourceTree = "<group>";
		};
/* End PBXGroup section */

/* Begin PBXNativeTarget section */
		5838283D2028371E00542D70 /* hangge_1314 */ = {
			isa = PBXNativeTarget;
			buildConfigurationList = 583828502028371E00542D70 /* Build configuration list for PBXNativeTarget "hangge_1314" */;
			buildPhases = (
				5838283A2028371E00542D70 /* Sources */,
				5838283B2028371E00542D70 /* Frameworks */,
				5838283C2028371E00542D70 /* Resources */,
			);
			buildRules = (
			);
			dependencies = (
			);
			name = hangge_1314;
			productName = hangge_1314;
			productReference = 5838283E2028371E00542D70 /* hangge_1314.app */;
			productType = "com.apple.product-type.application";
		};
/* End PBXNativeTarget section */

/* Begin PBXProject section */
		583828362028371E00542D70 /* Project object */ = {
			isa = PBXProject;
			attributes = {
				LastSwiftUpdateCheck = 0910;
				LastUpgradeCheck = 0910;
				ORGANIZATIONNAME = hangge;
				TargetAttributes = {
					5838283D2028371E00542D70 = {
						CreatedOnToolsVersion = 9.1;
						ProvisioningStyle = Automatic;
					};
				};
			};
			buildConfigurationList = 583828392028371E00542D70 /* Build configuration list for PBXProject "hangge_1314" */;
			compatibilityVersion = "Xcode 8.0";
			developmentRegion = en;
			hasScannedForEncodings = 0;
			knownRegions = (
				en,
				Base,
			);
			mainGroup = 583828352028371E00542D70;
			productRefGroup = 5838283F2028371E00542D70 /* Products */;
			projectDirPath = "";
			projectRoot = "";
			targets = (
				5838283D2028371E00542D70 /* hangge_1314 */,
			);
		};
/* End PBXProject section */

/* Begin PBXResourcesBuildPhase section */
		5838283C2028371E00542D70 /* Resources */ = {
			isa = PBXResourcesBuildPhase;
			buildActionMask = 2147483647;
			files = (
				5838284C2028371E00542D70 /* LaunchScreen.storyboard in Resources */,
				583828492028371E00542D70 /* Assets.xcassets in Resources */,
				583828472028371E00542D70 /* Main.storyboard in Resources */,
			);
			runOnlyForDeploymentPostprocessing = 0;
		};
/* End PBXResourcesBuildPhase section */

/* Begin PBXSourcesBuildPhase section */
		5838283A2028371E00542D70 /* Sources */ = {
			isa = PBXSourcesBuildPhase;
			buildActionMask = 2147483647;
			files = (
				583828562028376E00542D70 /* ImageVIewExtension.swift in Sources */,
				583828442028371E00542D70 /* ViewController.swift in Sources */,
				583828592028378C00542D70 /* SliderGalleryController.swift in Sources */,
				583828422028371E00542D70 /* AppDelegate.swift in Sources */,
				583828572028376E00542D70 /* ImageHelper.swift in Sources */,
			);
			runOnlyForDeploymentPostprocessing = 0;
		};
/* End PBXSourcesBuildPhase section */

/* Begin PBXVariantGroup section */
		583828452028371E00542D70 /* Main.storyboard */ = {
			isa = PBXVariantGroup;
			children = (
				583828462028371E00542D70 /* Base */,
			);
			name = Main.storyboard;
			sourceTree = "<group>";
		};
		5838284A2028371E00542D70 /* LaunchScreen.storyboard */ = {
			isa = PBXVariantGroup;
			children = (
				5838284B2028371E00542D70 /* Base */,
			);
			name = LaunchScreen.storyboard;
			sourceTree = "<group>";
		};
/* End PBXVariantGroup section */

/* Begin XCBuildConfiguration section */
		5838284E2028371E00542D70 /* Debug */ = {
			isa = XCBuildConfiguration;
			buildSettings = {
				ALWAYS_SEARCH_USER_PATHS = NO;
				CLANG_ANALYZER_NONNULL = YES;
				CLANG_ANALYZER_NUMBER_OBJECT_CONVERSION = YES_AGGRESSIVE;
				CLANG_CXX_LANGUAGE_STANDARD = "gnu++14";
				CLANG_CXX_LIBRARY = "libc++";
				CLANG_ENABLE_MODULES = YES;
				CLANG_ENABLE_OBJC_ARC = YES;
				CLANG_WARN_BLOCK_CAPTURE_AUTORELEASING = YES;
				CLANG_WARN_BOOL_CONVERSION = YES;
				CLANG_WARN_COMMA = YES;
				CLANG_WARN_CONSTANT_CONVERSION = YES;
				CLANG_WARN_DIRECT_OBJC_ISA_USAGE = YES_ERROR;
				CLANG_WARN_DOCUMENTATION_COMMENTS = YES;
				CLANG_WARN_EMPTY_BODY = YES;
				CLANG_WARN_ENUM_CONVERSION = YES;
				CLANG_WARN_INFINITE_RECURSION = YES;
				CLANG_WARN_INT_CONVERSION = YES;
				CLANG_WARN_NON_LITERAL_NULL_CONVERSION = YES;
				CLANG_WARN_OBJC_LITERAL_CONVERSION = YES;
				CLANG_WARN_OBJC_ROOT_CLASS = YES_ERROR;
				CLANG_WARN_RANGE_LOOP_ANALYSIS = YES;
				CLANG_WARN_STRICT_PROTOTYPES = YES;
				CLANG_WARN_SUSPICIOUS_MOVE = YES;
				CLANG_WARN_UNGUARDED_AVAILABILITY = YES_AGGRESSIVE;
				CLANG_WARN_UNREACHABLE_CODE = YES;
				CLANG_WARN__DUPLICATE_METHOD_MATCH = YES;
				CODE_SIGN_IDENTITY = "iPhone Developer";
				COPY_PHASE_STRIP = NO;
				DEBUG_INFORMATION_FORMAT = dwarf;
				ENABLE_STRICT_OBJC_MSGSEND = YES;
				ENABLE_TESTABILITY = YES;
				GCC_C_LANGUAGE_STANDARD = gnu11;
				GCC_DYNAMIC_NO_PIC = NO;
				GCC_NO_COMMON_BLOCKS = YES;
				GCC_OPTIMIZATION_LEVEL = 0;
				GCC_PREPROCESSOR_DEFINITIONS = (
					"DEBUG=1",
					"$(inherited)",
				);
				GCC_WARN_64_TO_32_BIT_CONVERSION = YES;
				GCC_WARN_ABOUT_RETURN_TYPE = YES_ERROR;
				GCC_WARN_UNDECLARED_SELECTOR = YES;
				GCC_WARN_UNINITIALIZED_AUTOS = YES_AGGRESSIVE;
				GCC_WARN_UNUSED_FUNCTION = YES;
				GCC_WARN_UNUSED_VARIABLE = YES;
				IPHONEOS_DEPLOYMENT_TARGET = 11.1;
				MTL_ENABLE_DEBUG_INFO = YES;
				ONLY_ACTIVE_ARCH = YES;
				SDKROOT = iphoneos;
				SWIFT_ACTIVE_COMPILATION_CONDITIONS = DEBUG;
				SWIFT_OPTIMIZATION_LEVEL = "-Onone";
			};
			name = Debug;
		};
		5838284F2028371E00542D70 /* Release */ = {
			isa = XCBuildConfiguration;
			buildSettings = {
				ALWAYS_SEARCH_USER_PATHS = NO;
				CLANG_ANALYZER_NONNULL = YES;
				CLANG_ANALYZER_NUMBER_OBJECT_CONVERSION = YES_AGGRESSIVE;
				CLANG_CXX_LANGUAGE_STANDARD = "gnu++14";
				CLANG_CXX_LIBRARY = "libc++";
				CLANG_ENABLE_MODULES = YES;
				CLANG_ENABLE_OBJC_ARC = YES;
				CLANG_WARN_BLOCK_CAPTURE_AUTORELEASING = YES;
				CLANG_WARN_BOOL_CONVERSION = YES;
				CLANG_WARN_COMMA = YES;
				CLANG_WARN_CONSTANT_CONVERSION = YES;
				CLANG_WARN_DIRECT_OBJC_ISA_USAGE = YES_ERROR;
				CLANG_WARN_DOCUMENTATION_COMMENTS = YES;
				CLANG_WARN_EMPTY_BODY = YES;
				CLANG_WARN_ENUM_CONVERSION = YES;
				CLANG_WARN_INFINITE_RECURSION = YES;
				CLANG_WARN_INT_CONVERSION = YES;
				CLANG_WARN_NON_LITERAL_NULL_CONVERSION = YES;
				CLANG_WARN_OBJC_LITERAL_CONVERSION = YES;
				CLANG_WARN_OBJC_ROOT_CLASS = YES_ERROR;
				CLANG_WARN_RANGE_LOOP_ANALYSIS = YES;
				CLANG_WARN_STRICT_PROTOTYPES = YES;
				CLANG_WARN_SUSPICIOUS_MOVE = YES;
				CLANG_WARN_UNGUARDED_AVAILABILITY = YES_AGGRESSIVE;
				CLANG_WARN_UNREACHABLE_CODE = YES;
				CLANG_WARN__DUPLICATE_METHOD_MATCH = YES;
				CODE_SIGN_IDENTITY = "iPhone Developer";
				COPY_PHASE_STRIP = NO;
				DEBUG_INFORMATION_FORMAT = "dwarf-with-dsym";
				ENABLE_NS_ASSERTIONS = NO;
				ENABLE_STRICT_OBJC_MSGSEND = YES;
				GCC_C_LANGUAGE_STANDARD = gnu11;
				GCC_NO_COMMON_BLOCKS = YES;
				GCC_WARN_64_TO_32_BIT_CONVERSION = YES;
				GCC_WARN_ABOUT_RETURN_TYPE = YES_ERROR;
				GCC_WARN_UNDECLARED_SELECTOR = YES;
				GCC_WARN_UNINITIALIZED_AUTOS = YES_AGGRESSIVE;
				GCC_WARN_UNUSED_FUNCTION = YES;
				GCC_WARN_UNUSED_VARIABLE = YES;
				IPHONEOS_DEPLOYMENT_TARGET = 11.1;
				MTL_ENABLE_DEBUG_INFO = NO;
				SDKROOT = iphoneos;
				SWIFT_OPTIMIZATION_LEVEL = "-Owholemodule";
				VALIDATE_PRODUCT = YES;
			};
			name = Release;
		};
		583828512028371E00542D70 /* Debug */ = {
			isa = XCBuildConfiguration;
			buildSettings = {
				ASSETCATALOG_COMPILER_APPICON_NAME = AppIcon;
				CODE_SIGN_STYLE = Automatic;
				INFOPLIST_FILE = hangge_1314/Info.plist;
				LD_RUNPATH_SEARCH_PATHS = "$(inherited) @executable_path/Frameworks";
				PRODUCT_BUNDLE_IDENTIFIER = "com.hangge.hangge-1314";
				PRODUCT_NAME = "$(TARGET_NAME)";
				SWIFT_VERSION = 4.0;
				TARGETED_DEVICE_FAMILY = "1,2";
			};
			name = Debug;
		};
		583828522028371E00542D70 /* Release */ = {
			isa = XCBuildConfiguration;
			buildSettings = {
				ASSETCATALOG_COMPILER_APPICON_NAME = AppIcon;
				CODE_SIGN_STYLE = Automatic;
				INFOPLIST_FILE = hangge_1314/Info.plist;
				LD_RUNPATH_SEARCH_PATHS = "$(inherited) @executable_path/Frameworks";
				PRODUCT_BUNDLE_IDENTIFIER = "com.hangge.hangge-1314";
				PRODUCT_NAME = "$(TARGET_NAME)";
				SWIFT_VERSION = 4.0;
				TARGETED_DEVICE_FAMILY = "1,2";
			};
			name = Release;
		};
/* End XCBuildConfiguration section */

/* Begin XCConfigurationList section */
		583828392028371E00542D70 /* Build configuration list for PBXProject "hangge_1314" */ = {
			isa = XCConfigurationList;
			buildConfigurations = (
				5838284E2028371E00542D70 /* Debug */,
				5838284F2028371E00542D70 /* Release */,
			);
			defaultConfigurationIsVisible = 0;
			defaultConfigurationName = Release;
		};
		583828502028371E00542D70 /* Build configuration list for PBXNativeTarget "hangge_1314" */ = {
			isa = XCConfigurationList;
			buildConfigurations = (
				583828512028371E00542D70 /* Debug */,
				583828522028371E00542D70 /* Release */,
			);
			defaultConfigurationIsVisible = 0;
			defaultConfigurationName = Release;
		};
/* End XCConfigurationList section */
	};
	rootObject = 583828362028371E00542D70 /* Project object */;
}
