// !$*UTF8*$!
{
	archiveVersion = 1;
	classes = {
	};
	objectVersion = 50;
	objects = {

/* Begin PBXBuildFile section */
		86EF0D0521CC999800A31A03 /* AppDelegate.swift in Sources */ = {isa = PBXBuildFile; fileRef = 86EF0D0421CC999800A31A03 /* AppDelegate.swift */; };
		86EF0D0721CC999800A31A03 /* ViewController.swift in Sources */ = {isa = PBXBuildFile; fileRef = 86EF0D0621CC999800A31A03 /* ViewController.swift */; };
		86EF0D0A21CC999800A31A03 /* Main.storyboard in Resources */ = {isa = PBXBuildFile; fileRef = 86EF0D0821CC999800A31A03 /* Main.storyboard */; };
		86EF0D0C21CC999900A31A03 /* Assets.xcassets in Resources */ = {isa = PBXBuildFile; fileRef = 86EF0D0B21CC999900A31A03 /* Assets.xcassets */; };
		86EF0D0F21CC999900A31A03 /* LaunchScreen.storyboard in Resources */ = {isa = PBXBuildFile; fileRef = 86EF0D0D21CC999900A31A03 /* LaunchScreen.storyboard */; };
		86EF0D1721CCE69C00A31A03 /* DoubanAPI.swift in Sources */ = {isa = PBXBuildFile; fileRef = 86EF0D1621CCE69C00A31A03 /* DoubanAPI.swift */; };
		EAC13F12B14C568124254533 /* Pods_ExPodMoya.framework in Frameworks */ = {isa = PBXBuildFile; fileRef = 2E58A04BF4D61D82D974FBA2 /* Pods_ExPodMoya.framework */; };
/* End PBXBuildFile section */

/* Begin PBXFileReference section */
		2E58A04BF4D61D82D974FBA2 /* Pods_ExPodMoya.framework */ = {isa = PBXFileReference; explicitFileType = wrapper.framework; includeInIndex = 0; path = Pods_ExPodMoya.framework; sourceTree = BUILT_PRODUCTS_DIR; };
		3A538491CD55557D898420CD /* Pods-ExPodMoya.release.xcconfig */ = {isa = PBXFileReference; includeInIndex = 1; lastKnownFileType = text.xcconfig; name = "Pods-ExPodMoya.release.xcconfig"; path = "Target Support Files/Pods-ExPodMoya/Pods-ExPodMoya.release.xcconfig"; sourceTree = "<group>"; };
		780C2C2F2C267FC44501B1AE /* Pods-ExPodMoya.debug.xcconfig */ = {isa = PBXFileReference; includeInIndex = 1; lastKnownFileType = text.xcconfig; name = "Pods-ExPodMoya.debug.xcconfig"; path = "Target Support Files/Pods-ExPodMoya/Pods-ExPodMoya.debug.xcconfig"; sourceTree = "<group>"; };
		86EF0D0121CC999800A31A03 /* ExPodMoya.app */ = {isa = PBXFileReference; explicitFileType = wrapper.application; includeInIndex = 0; path = ExPodMoya.app; sourceTree = BUILT_PRODUCTS_DIR; };
		86EF0D0421CC999800A31A03 /* AppDelegate.swift */ = {isa = PBXFileReference; lastKnownFileType = sourcecode.swift; path = AppDelegate.swift; sourceTree = "<group>"; };
		86EF0D0621CC999800A31A03 /* ViewController.swift */ = {isa = PBXFileReference; lastKnownFileType = sourcecode.swift; path = ViewController.swift; sourceTree = "<group>"; };
		86EF0D0921CC999800A31A03 /* Base */ = {isa = PBXFileReference; lastKnownFileType = file.storyboard; name = Base; path = Base.lproj/Main.storyboard; sourceTree = "<group>"; };
		86EF0D0B21CC999900A31A03 /* Assets.xcassets */ = {isa = PBXFileReference; lastKnownFileType = folder.assetcatalog; path = Assets.xcassets; sourceTree = "<group>"; };
		86EF0D0E21CC999900A31A03 /* Base */ = {isa = PBXFileReference; lastKnownFileType = file.storyboard; name = Base; path = Base.lproj/LaunchScreen.storyboard; sourceTree = "<group>"; };
		86EF0D1021CC999900A31A03 /* Info.plist */ = {isa = PBXFileReference; lastKnownFileType = text.plist.xml; path = Info.plist; sourceTree = "<group>"; };
		86EF0D1621CCE69C00A31A03 /* DoubanAPI.swift */ = {isa = PBXFileReference; lastKnownFileType = sourcecode.swift; path = DoubanAPI.swift; sourceTree = "<group>"; };
/* End PBXFileReference section */

/* Begin PBXFrameworksBuildPhase section */
		86EF0CFE21CC999800A31A03 /* Frameworks */ = {
			isa = PBXFrameworksBuildPhase;
			buildActionMask = 2147483647;
			files = (
				EAC13F12B14C568124254533 /* Pods_ExPodMoya.framework in Frameworks */,
			);
			runOnlyForDeploymentPostprocessing = 0;
		};
/* End PBXFrameworksBuildPhase section */

/* Begin PBXGroup section */
		382368C1D39EB7D422EB8F93 /* Frameworks */ = {
			isa = PBXGroup;
			children = (
				2E58A04BF4D61D82D974FBA2 /* Pods_ExPodMoya.framework */,
			);
			name = Frameworks;
			sourceTree = "<group>";
		};
		86EF0CF821CC999800A31A03 = {
			isa = PBXGroup;
			children = (
				86EF0D0321CC999800A31A03 /* ExPodMoya */,
				86EF0D0221CC999800A31A03 /* Products */,
				B7546C2FC0A196990824DC9D /* Pods */,
				382368C1D39EB7D422EB8F93 /* Frameworks */,
			);
			sourceTree = "<group>";
		};
		86EF0D0221CC999800A31A03 /* Products */ = {
			isa = PBXGroup;
			children = (
				86EF0D0121CC999800A31A03 /* ExPodMoya.app */,
			);
			name = Products;
			sourceTree = "<group>";
		};
		86EF0D0321CC999800A31A03 /* ExPodMoya */ = {
			isa = PBXGroup;
			children = (
				86EF0D0421CC999800A31A03 /* AppDelegate.swift */,
				86EF0D0621CC999800A31A03 /* ViewController.swift */,
				86EF0D1621CCE69C00A31A03 /* DoubanAPI.swift */,
				86EF0D0821CC999800A31A03 /* Main.storyboard */,
				86EF0D0B21CC999900A31A03 /* Assets.xcassets */,
				86EF0D0D21CC999900A31A03 /* LaunchScreen.storyboard */,
				86EF0D1021CC999900A31A03 /* Info.plist */,
			);
			path = ExPodMoya;
			sourceTree = "<group>";
		};
		B7546C2FC0A196990824DC9D /* Pods */ = {
			isa = PBXGroup;
			children = (
				780C2C2F2C267FC44501B1AE /* Pods-ExPodMoya.debug.xcconfig */,
				3A538491CD55557D898420CD /* Pods-ExPodMoya.release.xcconfig */,
			);
			path = Pods;
			sourceTree = "<group>";
		};
/* End PBXGroup section */

/* Begin PBXNativeTarget section */
		86EF0D0021CC999800A31A03 /* ExPodMoya */ = {
			isa = PBXNativeTarget;
			buildConfigurationList = 86EF0D1321CC999900A31A03 /* Build configuration list for PBXNativeTarget "ExPodMoya" */;
			buildPhases = (
				6094012CA2357B5373C1F43D /* [CP] Check Pods Manifest.lock */,
				86EF0CFD21CC999800A31A03 /* Sources */,
				86EF0CFE21CC999800A31A03 /* Frameworks */,
				86EF0CFF21CC999800A31A03 /* Resources */,
				046EA3C2D8A24AAE7E08225F /* [CP] Embed Pods Frameworks */,
			);
			buildRules = (
			);
			dependencies = (
			);
			name = ExPodMoya;
			productName = ExPodMoya;
			productReference = 86EF0D0121CC999800A31A03 /* ExPodMoya.app */;
			productType = "com.apple.product-type.application";
		};
/* End PBXNativeTarget section */

/* Begin PBXProject section */
		86EF0CF921CC999800A31A03 /* Project object */ = {
			isa = PBXProject;
			attributes = {
				LastSwiftUpdateCheck = 1010;
				LastUpgradeCheck = 1010;
				ORGANIZATIONNAME = Cross;
				TargetAttributes = {
					86EF0D0021CC999800A31A03 = {
						CreatedOnToolsVersion = 10.1;
					};
				};
			};
			buildConfigurationList = 86EF0CFC21CC999800A31A03 /* Build configuration list for PBXProject "ExPodMoya" */;
			compatibilityVersion = "Xcode 9.3";
			developmentRegion = en;
			hasScannedForEncodings = 0;
			knownRegions = (
				en,
				Base,
			);
			mainGroup = 86EF0CF821CC999800A31A03;
			productRefGroup = 86EF0D0221CC999800A31A03 /* Products */;
			projectDirPath = "";
			projectRoot = "";
			targets = (
				86EF0D0021CC999800A31A03 /* ExPodMoya */,
			);
		};
/* End PBXProject section */

/* Begin PBXResourcesBuildPhase section */
		86EF0CFF21CC999800A31A03 /* Resources */ = {
			isa = PBXResourcesBuildPhase;
			buildActionMask = 2147483647;
			files = (
				86EF0D0F21CC999900A31A03 /* LaunchScreen.storyboard in Resources */,
				86EF0D0C21CC999900A31A03 /* Assets.xcassets in Resources */,
				86EF0D0A21CC999800A31A03 /* Main.storyboard in Resources */,
			);
			runOnlyForDeploymentPostprocessing = 0;
		};
/* End PBXResourcesBuildPhase section */

/* Begin PBXShellScriptBuildPhase section */
		046EA3C2D8A24AAE7E08225F /* [CP] Embed Pods Frameworks */ = {
			isa = PBXShellScriptBuildPhase;
			buildActionMask = 2147483647;
			files = (
			);
			inputFileListPaths = (
			);
			inputPaths = (
				"${PODS_ROOT}/Target Support Files/Pods-ExPodMoya/Pods-ExPodMoya-frameworks.sh",
				"${BUILT_PRODUCTS_DIR}/Alamofire/Alamofire.framework",
				"${BUILT_PRODUCTS_DIR}/Moya/Moya.framework",
				"${BUILT_PRODUCTS_DIR}/Result/Result.framework",
				"${BUILT_PRODUCTS_DIR}/SwiftyJSON/SwiftyJSON.framework",
			);
			name = "[CP] Embed Pods Frameworks";
			outputFileListPaths = (
			);
			outputPaths = (
				"${TARGET_BUILD_DIR}/${FRAMEWORKS_FOLDER_PATH}/Alamofire.framework",
				"${TARGET_BUILD_DIR}/${FRAMEWORKS_FOLDER_PATH}/Moya.framework",
				"${TARGET_BUILD_DIR}/${FRAMEWORKS_FOLDER_PATH}/Result.framework",
				"${TARGET_BUILD_DIR}/${FRAMEWORKS_FOLDER_PATH}/SwiftyJSON.framework",
			);
			runOnlyForDeploymentPostprocessing = 0;
			shellPath = /bin/sh;
			shellScript = "\"${PODS_ROOT}/Target Support Files/Pods-ExPodMoya/Pods-ExPodMoya-frameworks.sh\"\n";
			showEnvVarsInLog = 0;
		};
		6094012CA2357B5373C1F43D /* [CP] Check Pods Manifest.lock */ = {
			isa = PBXShellScriptBuildPhase;
			buildActionMask = 2147483647;
			files = (
			);
			inputFileListPaths = (
			);
			inputPaths = (
				"${PODS_PODFILE_DIR_PATH}/Podfile.lock",
				"${PODS_ROOT}/Manifest.lock",
			);
			name = "[CP] Check Pods Manifest.lock";
			outputFileListPaths = (
			);
			outputPaths = (
				"$(DERIVED_FILE_DIR)/Pods-ExPodMoya-checkManifestLockResult.txt",
			);
			runOnlyForDeploymentPostprocessing = 0;
			shellPath = /bin/sh;
			shellScript = "diff \"${PODS_PODFILE_DIR_PATH}/Podfile.lock\" \"${PODS_ROOT}/Manifest.lock\" > /dev/null\nif [ $? != 0 ] ; then\n    # print error to STDERR\n    echo \"error: The sandbox is not in sync with the Podfile.lock. Run 'pod install' or update your CocoaPods installation.\" >&2\n    exit 1\nfi\n# This output is used by Xcode 'outputs' to avoid re-running this script phase.\necho \"SUCCESS\" > \"${SCRIPT_OUTPUT_FILE_0}\"\n";
			showEnvVarsInLog = 0;
		};
/* End PBXShellScriptBuildPhase section */

/* Begin PBXSourcesBuildPhase section */
		86EF0CFD21CC999800A31A03 /* Sources */ = {
			isa = PBXSourcesBuildPhase;
			buildActionMask = 2147483647;
			files = (
				86EF0D0721CC999800A31A03 /* ViewController.swift in Sources */,
				86EF0D1721CCE69C00A31A03 /* DoubanAPI.swift in Sources */,
				86EF0D0521CC999800A31A03 /* AppDelegate.swift in Sources */,
			);
			runOnlyForDeploymentPostprocessing = 0;
		};
/* End PBXSourcesBuildPhase section */

/* Begin PBXVariantGroup section */
		86EF0D0821CC999800A31A03 /* Main.storyboard */ = {
			isa = PBXVariantGroup;
			children = (
				86EF0D0921CC999800A31A03 /* Base */,
			);
			name = Main.storyboard;
			sourceTree = "<group>";
		};
		86EF0D0D21CC999900A31A03 /* LaunchScreen.storyboard */ = {
			isa = PBXVariantGroup;
			children = (
				86EF0D0E21CC999900A31A03 /* Base */,
			);
			name = LaunchScreen.storyboard;
			sourceTree = "<group>";
		};
/* End PBXVariantGroup section */

/* Begin XCBuildConfiguration section */
		86EF0D1121CC999900A31A03 /* Debug */ = {
			isa = XCBuildConfiguration;
			buildSettings = {
				ALWAYS_SEARCH_USER_PATHS = NO;
				CLANG_ANALYZER_NONNULL = YES;
				CLANG_ANALYZER_NUMBER_OBJECT_CONVERSION = YES_AGGRESSIVE;
				CLANG_CXX_LANGUAGE_STANDARD = "gnu++14";
				CLANG_CXX_LIBRARY = "libc++";
				CLANG_ENABLE_MODULES = YES;
				CLANG_ENABLE_OBJC_ARC = YES;
				CLANG_ENABLE_OBJC_WEAK = YES;
				CLANG_WARN_BLOCK_CAPTURE_AUTORELEASING = YES;
				CLANG_WARN_BOOL_CONVERSION = YES;
				CLANG_WARN_COMMA = YES;
				CLANG_WARN_CONSTANT_CONVERSION = YES;
				CLANG_WARN_DEPRECATED_OBJC_IMPLEMENTATIONS = YES;
				CLANG_WARN_DIRECT_OBJC_ISA_USAGE = YES_ERROR;
				CLANG_WARN_DOCUMENTATION_COMMENTS = YES;
				CLANG_WARN_EMPTY_BODY = YES;
				CLANG_WARN_ENUM_CONVERSION = YES;
				CLANG_WARN_INFINITE_RECURSION = YES;
				CLANG_WARN_INT_CONVERSION = YES;
				CLANG_WARN_NON_LITERAL_NULL_CONVERSION = YES;
				CLANG_WARN_OBJC_IMPLICIT_RETAIN_SELF = YES;
				CLANG_WARN_OBJC_LITERAL_CONVERSION = YES;
				CLANG_WARN_OBJC_ROOT_CLASS = YES_ERROR;
				CLANG_WARN_RANGE_LOOP_ANALYSIS = YES;
				CLANG_WARN_STRICT_PROTOTYPES = YES;
				CLANG_WARN_SUSPICIOUS_MOVE = YES;
				CLANG_WARN_UNGUARDED_AVAILABILITY = YES_AGGRESSIVE;
				CLANG_WARN_UNREACHABLE_CODE = YES;
				CLANG_WARN__DUPLICATE_METHOD_MATCH = YES;
				CODE_SIGN_IDENTITY = "iPhone Developer";
				COPY_PHASE_STRIP = NO;
				DEBUG_INFORMATION_FORMAT = dwarf;
				ENABLE_STRICT_OBJC_MSGSEND = YES;
				ENABLE_TESTABILITY = YES;
				GCC_C_LANGUAGE_STANDARD = gnu11;
				GCC_DYNAMIC_NO_PIC = NO;
				GCC_NO_COMMON_BLOCKS = YES;
				GCC_OPTIMIZATION_LEVEL = 0;
				GCC_PREPROCESSOR_DEFINITIONS = (
					"DEBUG=1",
					"$(inherited)",
				);
				GCC_WARN_64_TO_32_BIT_CONVERSION = YES;
				GCC_WARN_ABOUT_RETURN_TYPE = YES_ERROR;
				GCC_WARN_UNDECLARED_SELECTOR = YES;
				GCC_WARN_UNINITIALIZED_AUTOS = YES_AGGRESSIVE;
				GCC_WARN_UNUSED_FUNCTION = YES;
				GCC_WARN_UNUSED_VARIABLE = YES;
				IPHONEOS_DEPLOYMENT_TARGET = 12.1;
				MTL_ENABLE_DEBUG_INFO = INCLUDE_SOURCE;
				MTL_FAST_MATH = YES;
				ONLY_ACTIVE_ARCH = YES;
				SDKROOT = iphoneos;
				SWIFT_ACTIVE_COMPILATION_CONDITIONS = DEBUG;
				SWIFT_OPTIMIZATION_LEVEL = "-Onone";
			};
			name = Debug;
		};
		86EF0D1221CC999900A31A03 /* Release */ = {
			isa = XCBuildConfiguration;
			buildSettings = {
				ALWAYS_SEARCH_USER_PATHS = NO;
				CLANG_ANALYZER_NONNULL = YES;
				CLANG_ANALYZER_NUMBER_OBJECT_CONVERSION = YES_AGGRESSIVE;
				CLANG_CXX_LANGUAGE_STANDARD = "gnu++14";
				CLANG_CXX_LIBRARY = "libc++";
				CLANG_ENABLE_MODULES = YES;
				CLANG_ENABLE_OBJC_ARC = YES;
				CLANG_ENABLE_OBJC_WEAK = YES;
				CLANG_WARN_BLOCK_CAPTURE_AUTORELEASING = YES;
				CLANG_WARN_BOOL_CONVERSION = YES;
				CLANG_WARN_COMMA = YES;
				CLANG_WARN_CONSTANT_CONVERSION = YES;
				CLANG_WARN_DEPRECATED_OBJC_IMPLEMENTATIONS = YES;
				CLANG_WARN_DIRECT_OBJC_ISA_USAGE = YES_ERROR;
				CLANG_WARN_DOCUMENTATION_COMMENTS = YES;
				CLANG_WARN_EMPTY_BODY = YES;
				CLANG_WARN_ENUM_CONVERSION = YES;
				CLANG_WARN_INFINITE_RECURSION = YES;
				CLANG_WARN_INT_CONVERSION = YES;
				CLANG_WARN_NON_LITERAL_NULL_CONVERSION = YES;
				CLANG_WARN_OBJC_IMPLICIT_RETAIN_SELF = YES;
				CLANG_WARN_OBJC_LITERAL_CONVERSION = YES;
				CLANG_WARN_OBJC_ROOT_CLASS = YES_ERROR;
				CLANG_WARN_RANGE_LOOP_ANALYSIS = YES;
				CLANG_WARN_STRICT_PROTOTYPES = YES;
				CLANG_WARN_SUSPICIOUS_MOVE = YES;
				CLANG_WARN_UNGUARDED_AVAILABILITY = YES_AGGRESSIVE;
				CLANG_WARN_UNREACHABLE_CODE = YES;
				CLANG_WARN__DUPLICATE_METHOD_MATCH = YES;
				CODE_SIGN_IDENTITY = "iPhone Developer";
				COPY_PHASE_STRIP = NO;
				DEBUG_INFORMATION_FORMAT = "dwarf-with-dsym";
				ENABLE_NS_ASSERTIONS = NO;
				ENABLE_STRICT_OBJC_MSGSEND = YES;
				GCC_C_LANGUAGE_STANDARD = gnu11;
				GCC_NO_COMMON_BLOCKS = YES;
				GCC_WARN_64_TO_32_BIT_CONVERSION = YES;
				GCC_WARN_ABOUT_RETURN_TYPE = YES_ERROR;
				GCC_WARN_UNDECLARED_SELECTOR = YES;
				GCC_WARN_UNINITIALIZED_AUTOS = YES_AGGRESSIVE;
				GCC_WARN_UNUSED_FUNCTION = YES;
				GCC_WARN_UNUSED_VARIABLE = YES;
				IPHONEOS_DEPLOYMENT_TARGET = 12.1;
				MTL_ENABLE_DEBUG_INFO = NO;
				MTL_FAST_MATH = YES;
				SDKROOT = iphoneos;
				SWIFT_COMPILATION_MODE = wholemodule;
				SWIFT_OPTIMIZATION_LEVEL = "-O";
				VALIDATE_PRODUCT = YES;
			};
			name = Release;
		};
		86EF0D1421CC999900A31A03 /* Debug */ = {
			isa = XCBuildConfiguration;
			baseConfigurationReference = 780C2C2F2C267FC44501B1AE /* Pods-ExPodMoya.debug.xcconfig */;
			buildSettings = {
				ASSETCATALOG_COMPILER_APPICON_NAME = AppIcon;
				CODE_SIGN_STYLE = Automatic;
				DEVELOPMENT_TEAM = 84F4DU57KT;
				INFOPLIST_FILE = ExPodMoya/Info.plist;
				LD_RUNPATH_SEARCH_PATHS = (
					"$(inherited)",
					"@executable_path/Frameworks",
				);
				PRODUCT_BUNDLE_IDENTIFIER = com.crosss.ExPodMoya;
				PRODUCT_NAME = "$(TARGET_NAME)";
				SWIFT_VERSION = 4.2;
				TARGETED_DEVICE_FAMILY = "1,2";
			};
			name = Debug;
		};
		86EF0D1521CC999900A31A03 /* Release */ = {
			isa = XCBuildConfiguration;
			baseConfigurationReference = 3A538491CD55557D898420CD /* Pods-ExPodMoya.release.xcconfig */;
			buildSettings = {
				ASSETCATALOG_COMPILER_APPICON_NAME = AppIcon;
				CODE_SIGN_STYLE = Automatic;
				DEVELOPMENT_TEAM = 84F4DU57KT;
				INFOPLIST_FILE = ExPodMoya/Info.plist;
				LD_RUNPATH_SEARCH_PATHS = (
					"$(inherited)",
					"@executable_path/Frameworks",
				);
				PRODUCT_BUNDLE_IDENTIFIER = com.crosss.ExPodMoya;
				PRODUCT_NAME = "$(TARGET_NAME)";
				SWIFT_VERSION = 4.2;
				TARGETED_DEVICE_FAMILY = "1,2";
			};
			name = Release;
		};
/* End XCBuildConfiguration section */

/* Begin XCConfigurationList section */
		86EF0CFC21CC999800A31A03 /* Build configuration list for PBXProject "ExPodMoya" */ = {
			isa = XCConfigurationList;
			buildConfigurations = (
				86EF0D1121CC999900A31A03 /* Debug */,
				86EF0D1221CC999900A31A03 /* Release */,
			);
			defaultConfigurationIsVisible = 0;
			defaultConfigurationName = Release;
		};
		86EF0D1321CC999900A31A03 /* Build configuration list for PBXNativeTarget "ExPodMoya" */ = {
			isa = XCConfigurationList;
			buildConfigurations = (
				86EF0D1421CC999900A31A03 /* Debug */,
				86EF0D1521CC999900A31A03 /* Release */,
			);
			defaultConfigurationIsVisible = 0;
			defaultConfigurationName = Release;
		};
/* End XCConfigurationList section */
	};
	rootObject = 86EF0CF921CC999800A31A03 /* Project object */;
}
